
Microsoft Visual Studio Solution File, Format Version 12.00
# Visual Studio Version 16
VisualStudioVersion = 16.0.30804.86
MinimumVisualStudioVersion = 10.0.40219.1
Project("{FAE04EC0-301F-11D3-BF4B-00C04F79EFBC}") = "Graphs", "Graphs\Graphs.csproj", "{132F43B9-B21B-4B31-96B0-7C53DD43DCEA}"
EndProject
Global
	GlobalSection(SolutionConfigurationPlatforms) = preSolution
		Debug|Any CPU = Debug|Any CPU
		Release|Any CPU = Release|Any CPU
	EndGlobalSection
	GlobalSection(ProjectConfigurationPlatforms) = postSolution
		{132F43B9-B21B-4B31-96B0-7C53DD43DCEA}.Debug|Any CPU.ActiveCfg = Debug|Any CPU
		{132F43B9-B21B-4B31-96B0-7C53DD43DCEA}.Debug|Any CPU.Build.0 = Debug|Any CPU
		{132F43B9-B21B-4B31-96B0-7C53DD43DCEA}.Release|Any CPU.ActiveCfg = Release|Any CPU
		{132F43B9-B21B-4B31-96B0-7C53DD43DCEA}.Release|Any CPU.Build.0 = Release|Any CPU
	EndGlobalSection
	GlobalSection(SolutionProperties) = preSolution
		HideSolutionNode = FALSE
	EndGlobalSection
	GlobalSection(ExtensibilityGlobals) = postSolution
		SolutionGuid = {7989324C-EA7E-478A-A392-CAD9C651D221}
	EndGlobalSection
EndGlobal
