
Microsoft Visual Studio Solution File, Format Version 12.00
# Visual Studio Version 16
VisualStudioVersion = 16.0.30804.86
MinimumVisualStudioVersion = 10.0.40219.1
Project("{FAE04EC0-301F-11D3-BF4B-00C04F79EFBC}") = "ShopWInForm", "ShopWInForm\ShopWInForm.csproj", "{2AC5BE88-2810-4A70-9468-F61EEBECBC36}"
EndProject
Global
	GlobalSection(SolutionConfigurationPlatforms) = preSolution
		Debug|Any CPU = Debug|Any CPU
		Release|Any CPU = Release|Any CPU
	EndGlobalSection
	GlobalSection(ProjectConfigurationPlatforms) = postSolution
		{2AC5BE88-2810-4A70-9468-F61EEBECBC36}.Debug|Any CPU.ActiveCfg = Debug|Any CPU
		{2AC5BE88-2810-4A70-9468-F61EEBECBC36}.Debug|Any CPU.Build.0 = Debug|Any CPU
		{2AC5BE88-2810-4A70-9468-F61EEBECBC36}.Release|Any CPU.ActiveCfg = Release|Any CPU
		{2AC5BE88-2810-4A70-9468-F61EEBECBC36}.Release|Any CPU.Build.0 = Release|Any CPU
	EndGlobalSection
	GlobalSection(SolutionProperties) = preSolution
		HideSolutionNode = FALSE
	EndGlobalSection
	GlobalSection(ExtensibilityGlobals) = postSolution
		SolutionGuid = {4A2569FB-A993-4D17-A039-EF8629DD7FC8}
	EndGlobalSection
EndGlobal
