
Microsoft Visual Studio Solution File, Format Version 12.00
# Visual Studio Version 16
VisualStudioVersion = 16.0.30517.126
MinimumVisualStudioVersion = 10.0.40219.1
Project("{FAE04EC0-301F-11D3-BF4B-00C04F79EFBC}") = "PL", "UserPractic\PL.csproj", "{1C984FF5-36A5-4A63-B6AA-A44E97CFEB26}"
EndProject
Project("{2150E333-8FDC-42A3-9474-1A3956D46DE8}") = "PL", "PL", "{986DD522-5EFE-4710-AEF8-74F80AC923E8}"
EndProject
Project("{2150E333-8FDC-42A3-9474-1A3956D46DE8}") = "DAL", "DAL", "{32CC1E37-E79D-45BD-8090-5F332F9DBAD6}"
EndProject
Project("{2150E333-8FDC-42A3-9474-1A3956D46DE8}") = "COMMON", "COMMON", "{4A2D0D93-B6D5-49BA-A7E5-FF81FA219892}"
EndProject
Project("{2150E333-8FDC-42A3-9474-1A3956D46DE8}") = "BLL", "BLL", "{902DBFB8-4B8B-4907-B80B-E4C510B468D9}"
EndProject
Project("{FAE04EC0-301F-11D3-BF4B-00C04F79EFBC}") = "DAO", "DAO\DAO.csproj", "{7490FE65-472C-4C35-9B94-C0BF822BB562}"
EndProject
Project("{FAE04EC0-301F-11D3-BF4B-00C04F79EFBC}") = "DAO_Interface", "DAO_Interface\DAO_Interface.csproj", "{6B03A33B-6062-401B-B79B-2BCBF63F1D63}"
EndProject
Project("{FAE04EC0-301F-11D3-BF4B-00C04F79EFBC}") = "BL", "BL\BL.csproj", "{947A6AD0-8A6F-4272-9697-69B2D25CBED9}"
EndProject
Project("{FAE04EC0-301F-11D3-BF4B-00C04F79EFBC}") = "BL_Interface", "BL_Interface\BL_Interface.csproj", "{32AF7654-F1A1-4DBC-A71B-5817D14FF5E1}"
EndProject
Project("{FAE04EC0-301F-11D3-BF4B-00C04F79EFBC}") = "Entity_Product", "Entity_User\Entity_Product.csproj", "{46361784-9708-42D9-BE76-79FBF87C0A4A}"
EndProject
Project("{FAE04EC0-301F-11D3-BF4B-00C04F79EFBC}") = "UnitTestProject1", "UnitTestProject1\UnitTestProject1.csproj", "{D7DC955D-D30A-4EF0-84F5-F3A720ADA636}"
EndProject
Global
	GlobalSection(SolutionConfigurationPlatforms) = preSolution
		Debug|Any CPU = Debug|Any CPU
		Release|Any CPU = Release|Any CPU
	EndGlobalSection
	GlobalSection(ProjectConfigurationPlatforms) = postSolution
		{1C984FF5-36A5-4A63-B6AA-A44E97CFEB26}.Debug|Any CPU.ActiveCfg = Debug|Any CPU
		{1C984FF5-36A5-4A63-B6AA-A44E97CFEB26}.Debug|Any CPU.Build.0 = Debug|Any CPU
		{1C984FF5-36A5-4A63-B6AA-A44E97CFEB26}.Release|Any CPU.ActiveCfg = Release|Any CPU
		{1C984FF5-36A5-4A63-B6AA-A44E97CFEB26}.Release|Any CPU.Build.0 = Release|Any CPU
		{7490FE65-472C-4C35-9B94-C0BF822BB562}.Debug|Any CPU.ActiveCfg = Debug|Any CPU
		{7490FE65-472C-4C35-9B94-C0BF822BB562}.Debug|Any CPU.Build.0 = Debug|Any CPU
		{7490FE65-472C-4C35-9B94-C0BF822BB562}.Release|Any CPU.ActiveCfg = Release|Any CPU
		{7490FE65-472C-4C35-9B94-C0BF822BB562}.Release|Any CPU.Build.0 = Release|Any CPU
		{6B03A33B-6062-401B-B79B-2BCBF63F1D63}.Debug|Any CPU.ActiveCfg = Debug|Any CPU
		{6B03A33B-6062-401B-B79B-2BCBF63F1D63}.Debug|Any CPU.Build.0 = Debug|Any CPU
		{6B03A33B-6062-401B-B79B-2BCBF63F1D63}.Release|Any CPU.ActiveCfg = Release|Any CPU
		{6B03A33B-6062-401B-B79B-2BCBF63F1D63}.Release|Any CPU.Build.0 = Release|Any CPU
		{947A6AD0-8A6F-4272-9697-69B2D25CBED9}.Debug|Any CPU.ActiveCfg = Debug|Any CPU
		{947A6AD0-8A6F-4272-9697-69B2D25CBED9}.Debug|Any CPU.Build.0 = Debug|Any CPU
		{947A6AD0-8A6F-4272-9697-69B2D25CBED9}.Release|Any CPU.ActiveCfg = Release|Any CPU
		{947A6AD0-8A6F-4272-9697-69B2D25CBED9}.Release|Any CPU.Build.0 = Release|Any CPU
		{32AF7654-F1A1-4DBC-A71B-5817D14FF5E1}.Debug|Any CPU.ActiveCfg = Debug|Any CPU
		{32AF7654-F1A1-4DBC-A71B-5817D14FF5E1}.Debug|Any CPU.Build.0 = Debug|Any CPU
		{32AF7654-F1A1-4DBC-A71B-5817D14FF5E1}.Release|Any CPU.ActiveCfg = Release|Any CPU
		{32AF7654-F1A1-4DBC-A71B-5817D14FF5E1}.Release|Any CPU.Build.0 = Release|Any CPU
		{46361784-9708-42D9-BE76-79FBF87C0A4A}.Debug|Any CPU.ActiveCfg = Debug|Any CPU
		{46361784-9708-42D9-BE76-79FBF87C0A4A}.Debug|Any CPU.Build.0 = Debug|Any CPU
		{46361784-9708-42D9-BE76-79FBF87C0A4A}.Release|Any CPU.ActiveCfg = Release|Any CPU
		{46361784-9708-42D9-BE76-79FBF87C0A4A}.Release|Any CPU.Build.0 = Release|Any CPU
		{D7DC955D-D30A-4EF0-84F5-F3A720ADA636}.Debug|Any CPU.ActiveCfg = Debug|Any CPU
		{D7DC955D-D30A-4EF0-84F5-F3A720ADA636}.Debug|Any CPU.Build.0 = Debug|Any CPU
		{D7DC955D-D30A-4EF0-84F5-F3A720ADA636}.Release|Any CPU.ActiveCfg = Release|Any CPU
		{D7DC955D-D30A-4EF0-84F5-F3A720ADA636}.Release|Any CPU.Build.0 = Release|Any CPU
	EndGlobalSection
	GlobalSection(SolutionProperties) = preSolution
		HideSolutionNode = FALSE
	EndGlobalSection
	GlobalSection(NestedProjects) = preSolution
		{1C984FF5-36A5-4A63-B6AA-A44E97CFEB26} = {986DD522-5EFE-4710-AEF8-74F80AC923E8}
		{7490FE65-472C-4C35-9B94-C0BF822BB562} = {32CC1E37-E79D-45BD-8090-5F332F9DBAD6}
		{6B03A33B-6062-401B-B79B-2BCBF63F1D63} = {32CC1E37-E79D-45BD-8090-5F332F9DBAD6}
		{947A6AD0-8A6F-4272-9697-69B2D25CBED9} = {902DBFB8-4B8B-4907-B80B-E4C510B468D9}
		{32AF7654-F1A1-4DBC-A71B-5817D14FF5E1} = {902DBFB8-4B8B-4907-B80B-E4C510B468D9}
		{46361784-9708-42D9-BE76-79FBF87C0A4A} = {4A2D0D93-B6D5-49BA-A7E5-FF81FA219892}
		{D7DC955D-D30A-4EF0-84F5-F3A720ADA636} = {986DD522-5EFE-4710-AEF8-74F80AC923E8}
	EndGlobalSection
	GlobalSection(ExtensibilityGlobals) = postSolution
		SolutionGuid = {4D17584D-1AFD-4D85-9845-E842C114FAE6}
	EndGlobalSection
EndGlobal
